github.com/golang/text v0.21.0 h1:/UiG2yYVTF86PsUeSqD3QiACts6JB+2BUt6j3pN3MiU=
github.com/golang/text v0.21.0/go.mod h1:4IBbMaMmOPCJ8SecivzSH54+73PCFmPWxNTLm+vZkEQ=
github.com/kardianos/osext v0.0.0-20190222173326-2bc1f35cddc0 h1:iQTw/8FWTuc7uiaSepXwyf3o52HaUYcV+Tu66S3F5GA=
github.com/kardianos/osext v0.0.0-20190222173326-2bc1f35cddc0/go.mod h1:1NbS8ALrpOvjt0rHPNLyCIeMtbizbir8U//inJ+zuB8=
github.com/nakagami/chacha20 v0.1.0 h1:2fbf5KeVUw7oRpAe6/A7DqvBJLYYu0ka5WstFbnkEVo=
github.com/nakagami/chacha20 v0.1.0/go.mod h1:xpoujepNFA7MvYLvX5xKHzlOHimDrLI9Ll8zfOJ0l2E=
github.com/nakagami/firebirdsql v0.9.21 h1:EFpjvBsJXEpS44sT0w8QlyGKbEut6w+EqRhLE5VOkAs=
github.com/nakagami/firebirdsql v0.9.21/go.mod h1:HsxjwNJ2Xr4MIppGCJheXkvaOFcvsj3UIYaveiQb6rQ=
